
Microsoft Visual Studio Solution File, Format Version 12.00
# Visual Studio Version 16
VisualStudioVersion = 16.0.30804.86
MinimumVisualStudioVersion = 10.0.40219.1
Project("{FAE04EC0-301F-11D3-BF4B-00C04F79EFBC}") = "EX8", "EX8\EX8.csproj", "{87FE8CD5-37D1-4B3F-A10E-4938D60D2C58}"
EndProject
Global
	GlobalSection(SolutionConfigurationPlatforms) = preSolution
		Debug|Any CPU = Debug|Any CPU
		Release|Any CPU = Release|Any CPU
	EndGlobalSection
	GlobalSection(ProjectConfigurationPlatforms) = postSolution
		{87FE8CD5-37D1-4B3F-A10E-4938D60D2C58}.Debug|Any CPU.ActiveCfg = Debug|Any CPU
		{87FE8CD5-37D1-4B3F-A10E-4938D60D2C58}.Debug|Any CPU.Build.0 = Debug|Any CPU
		{87FE8CD5-37D1-4B3F-A10E-4938D60D2C58}.Release|Any CPU.ActiveCfg = Release|Any CPU
		{87FE8CD5-37D1-4B3F-A10E-4938D60D2C58}.Release|Any CPU.Build.0 = Release|Any CPU
	EndGlobalSection
	GlobalSection(SolutionProperties) = preSolution
		HideSolutionNode = FALSE
	EndGlobalSection
	GlobalSection(ExtensibilityGlobals) = postSolution
		SolutionGuid = {E48683CC-1DB8-463C-A098-DD8DBFCF1850}
	EndGlobalSection
EndGlobal
