
Microsoft Visual Studio Solution File, Format Version 12.00
# Visual Studio Version 16
VisualStudioVersion = 16.0.30907.101
MinimumVisualStudioVersion = 10.0.40219.1
Project("{FAE04EC0-301F-11D3-BF4B-00C04F79EFBC}") = "Instancia_DateTime", "Instancia_DateTime\Instancia_DateTime.csproj", "{4BAB0603-7193-4ED7-B039-B0A5B55C617C}"
EndProject
Global
	GlobalSection(SolutionConfigurationPlatforms) = preSolution
		Debug|Any CPU = Debug|Any CPU
		Release|Any CPU = Release|Any CPU
	EndGlobalSection
	GlobalSection(ProjectConfigurationPlatforms) = postSolution
		{4BAB0603-7193-4ED7-B039-B0A5B55C617C}.Debug|Any CPU.ActiveCfg = Debug|Any CPU
		{4BAB0603-7193-4ED7-B039-B0A5B55C617C}.Debug|Any CPU.Build.0 = Debug|Any CPU
		{4BAB0603-7193-4ED7-B039-B0A5B55C617C}.Release|Any CPU.ActiveCfg = Release|Any CPU
		{4BAB0603-7193-4ED7-B039-B0A5B55C617C}.Release|Any CPU.Build.0 = Release|Any CPU
	EndGlobalSection
	GlobalSection(SolutionProperties) = preSolution
		HideSolutionNode = FALSE
	EndGlobalSection
	GlobalSection(ExtensibilityGlobals) = postSolution
		SolutionGuid = {5CBC7385-5C0A-4C2C-A8F5-EAE415532BD1}
	EndGlobalSection
EndGlobal
