
Microsoft Visual Studio Solution File, Format Version 12.00
# Visual Studio Version 16
VisualStudioVersion = 16.0.30804.86
MinimumVisualStudioVersion = 10.0.40219.1
Project("{FAE04EC0-301F-11D3-BF4B-00C04F79EFBC}") = "EX7", "EX7\EX7.csproj", "{22CB0FC7-1EF9-447B-AE42-A1534074AFAA}"
EndProject
Global
	GlobalSection(SolutionConfigurationPlatforms) = preSolution
		Debug|Any CPU = Debug|Any CPU
		Release|Any CPU = Release|Any CPU
	EndGlobalSection
	GlobalSection(ProjectConfigurationPlatforms) = postSolution
		{22CB0FC7-1EF9-447B-AE42-A1534074AFAA}.Debug|Any CPU.ActiveCfg = Debug|Any CPU
		{22CB0FC7-1EF9-447B-AE42-A1534074AFAA}.Debug|Any CPU.Build.0 = Debug|Any CPU
		{22CB0FC7-1EF9-447B-AE42-A1534074AFAA}.Release|Any CPU.ActiveCfg = Release|Any CPU
		{22CB0FC7-1EF9-447B-AE42-A1534074AFAA}.Release|Any CPU.Build.0 = Release|Any CPU
	EndGlobalSection
	GlobalSection(SolutionProperties) = preSolution
		HideSolutionNode = FALSE
	EndGlobalSection
	GlobalSection(ExtensibilityGlobals) = postSolution
		SolutionGuid = {55BD9083-9492-4C76-8980-CBF687C1065C}
	EndGlobalSection
EndGlobal
