
Microsoft Visual Studio Solution File, Format Version 12.00
# Visual Studio Version 16
VisualStudioVersion = 16.0.30804.86
MinimumVisualStudioVersion = 10.0.40219.1
Project("{FAE04EC0-301F-11D3-BF4B-00C04F79EFBC}") = "EX1", "EX1\EX1.csproj", "{E9170190-52C3-4FF4-AD46-4FB543C7A5D5}"
EndProject
Global
	GlobalSection(SolutionConfigurationPlatforms) = preSolution
		Debug|Any CPU = Debug|Any CPU
		Release|Any CPU = Release|Any CPU
	EndGlobalSection
	GlobalSection(ProjectConfigurationPlatforms) = postSolution
		{E9170190-52C3-4FF4-AD46-4FB543C7A5D5}.Debug|Any CPU.ActiveCfg = Debug|Any CPU
		{E9170190-52C3-4FF4-AD46-4FB543C7A5D5}.Debug|Any CPU.Build.0 = Debug|Any CPU
		{E9170190-52C3-4FF4-AD46-4FB543C7A5D5}.Release|Any CPU.ActiveCfg = Release|Any CPU
		{E9170190-52C3-4FF4-AD46-4FB543C7A5D5}.Release|Any CPU.Build.0 = Release|Any CPU
	EndGlobalSection
	GlobalSection(SolutionProperties) = preSolution
		HideSolutionNode = FALSE
	EndGlobalSection
	GlobalSection(ExtensibilityGlobals) = postSolution
		SolutionGuid = {15789BD4-3394-416F-AA06-520D8A58A1A0}
	EndGlobalSection
EndGlobal
